
Microsoft Visual Studio Solution File, Format Version 12.00
Project("{FAE04EC0-301F-11D3-BF4B-00C04F79EFBC}") = "roarHammerBackend", "roarHammerBackend\roarHammerBackend.csproj", "{633CA10C-4A33-47DB-82F8-9F55F1F659E5}"
EndProject
Global
	GlobalSection(SolutionConfigurationPlatforms) = preSolution
		Debug|Any CPU = Debug|Any CPU
		Release|Any CPU = Release|Any CPU
	EndGlobalSection
	GlobalSection(ProjectConfigurationPlatforms) = postSolution
		{633CA10C-4A33-47DB-82F8-9F55F1F659E5}.Debug|Any CPU.ActiveCfg = Debug|Any CPU
		{633CA10C-4A33-47DB-82F8-9F55F1F659E5}.Debug|Any CPU.Build.0 = Debug|Any CPU
		{633CA10C-4A33-47DB-82F8-9F55F1F659E5}.Release|Any CPU.ActiveCfg = Release|Any CPU
		{633CA10C-4A33-47DB-82F8-9F55F1F659E5}.Release|Any CPU.Build.0 = Release|Any CPU
	EndGlobalSection
EndGlobal
